
Microsoft Visual Studio Solution File, Format Version 12.00
# Visual Studio Version 17
VisualStudioVersion = 17.5.002.0
MinimumVisualStudioVersion = 10.0.40219.1
Project("{9A19103F-16F7-4668-BE54-9A1E7A4F7556}") = "UserManagement.API", "UserManagement.API.csproj", "{7C38231C-6EDC-4CFA-A3C2-E5D461F7C903}"
EndProject
Global
	GlobalSection(SolutionConfigurationPlatforms) = preSolution
		Debug|Any CPU = Debug|Any CPU
		Release|Any CPU = Release|Any CPU
	EndGlobalSection
	GlobalSection(ProjectConfigurationPlatforms) = postSolution
		{7C38231C-6EDC-4CFA-A3C2-E5D461F7C903}.Debug|Any CPU.ActiveCfg = Debug|Any CPU
		{7C38231C-6EDC-4CFA-A3C2-E5D461F7C903}.Debug|Any CPU.Build.0 = Debug|Any CPU
		{7C38231C-6EDC-4CFA-A3C2-E5D461F7C903}.Release|Any CPU.ActiveCfg = Release|Any CPU
		{7C38231C-6EDC-4CFA-A3C2-E5D461F7C903}.Release|Any CPU.Build.0 = Release|Any CPU
	EndGlobalSection
	GlobalSection(SolutionProperties) = preSolution
		HideSolutionNode = FALSE
	EndGlobalSection
	GlobalSection(ExtensibilityGlobals) = postSolution
		SolutionGuid = {200E221D-1140-45F5-A932-D64D61FD4753}
	EndGlobalSection
EndGlobal
